{
  "name": "edep-data",
  "lockfileVersion": 3,
  "requires": true,
  "packages": {
    "": {
      "dependencies": {
        "@jinntec/fore": "^2.2.0"
      }
    },
    "node_modules/@jinntec/fore": {
      "version": "2.2.0",
      "resolved": "https://registry.npmjs.org/@jinntec/fore/-/fore-2.2.0.tgz",
      "integrity": "sha512-P7wQSAYyrDnYGQOsrWiqGTzV3q3N8T4n2TUWSN4NZAciZdiGohUOQuUvOeQFRvla6Ii8hmMdujeVwcY3UBvl2g==",
      "license": "MIT",
      "dependencies": {
        "@jinntec/jinn-toast": "^1.0.5",
        "fontoxpath": "^3.30.0"
      },
      "engines": {
        "node": ">= 16.19.1"
      }
    },
    "node_modules/@jinntec/jinn-toast": {
      "version": "1.0.5",
      "resolved": "https://registry.npmjs.org/@jinntec/jinn-toast/-/jinn-toast-1.0.5.tgz",
      "integrity": "sha512-FVZsDUXS7wzXyl6s1oj0UwCtZ/fBn+T/GPSXxZ9eYBKVhgWUrLqrLDO7zeWuS/0D3/BrTiuTNcnk0d+c4nCKyw==",
      "dependencies": {
        "lit-html": "^1.4.1",
        "toastify-js": "^1.11.0"
      }
    },
    "node_modules/fontoxpath": {
      "version": "3.33.0",
      "resolved": "https://registry.npmjs.org/fontoxpath/-/fontoxpath-3.33.0.tgz",
      "integrity": "sha512-jfueYCE58Sf+huy9puHo2usUBtkJ6+02zqTu0KOqqMfQa1Ov8WQMrxbJojFwNwxoUK8bNK1cANZxsjzqVCgUCQ==",
      "license": "MIT",
      "dependencies": {
        "prsc": "4.0.0",
        "xspattern": "^3.1.0"
      }
    },
    "node_modules/lit-html": {
      "version": "1.4.1",
      "resolved": "https://registry.npmjs.org/lit-html/-/lit-html-1.4.1.tgz",
      "integrity": "sha512-B9btcSgPYb1q4oSOb/PrOT6Z/H+r6xuNzfH4lFli/AWhYwdtrgQkQWBbIc6mdnf6E2IL3gDXdkkqNktpU0OZQA==",
      "license": "BSD-3-Clause"
    },
    "node_modules/prsc": {
      "version": "4.0.0",
      "resolved": "https://registry.npmjs.org/prsc/-/prsc-4.0.0.tgz",
      "integrity": "sha512-OmXQ2v76RlXNx/gqv7+oB6jyKnudJ/rsMfAIVexhbDFxXAJPoWKMxJkZU2ohlu4miCiSQCG+horf2DV4/kNc1Q==",
      "license": "MIT"
    },
    "node_modules/toastify-js": {
      "version": "1.12.0",
      "resolved": "https://registry.npmjs.org/toastify-js/-/toastify-js-1.12.0.tgz",
      "integrity": "sha512-HeMHCO9yLPvP9k0apGSdPUWrUbLnxUKNFzgUoZp1PHCLploIX/4DSQ7V8H25ef+h4iO9n0he7ImfcndnN6nDrQ==",
      "license": "MIT"
    },
    "node_modules/whynot": {
      "version": "5.0.0",
      "resolved": "https://registry.npmjs.org/whynot/-/whynot-5.0.0.tgz",
      "integrity": "sha512-cGGfDPYYqoHoMWqXVc3G+N74u1FhFhrBa+pOO906b9ktRc/JFUdwroTkfPqjKzyoCLVcKr6yy6bYIcWT7jTg2A==",
      "license": "MIT"
    },
    "node_modules/xspattern": {
      "version": "3.1.0",
      "resolved": "https://registry.npmjs.org/xspattern/-/xspattern-3.1.0.tgz",
      "integrity": "sha512-rxtOX8ORJizRqswIdZ72G3thKrHd0Q+TvyUCMByc5VdjDz1nkuZKfPXM3xGdrGi0fwEy+DDJN7DqtAZ06Re4bA==",
      "license": "MIT",
      "dependencies": {
        "whynot": "^5.0.0"
      }
    }
  }
}
